
Microsoft Visual Studio Solution File, Format Version 12.00
# Visual Studio 14
VisualStudioVersion = 14.0.24720.0
MinimumVisualStudioVersion = 10.0.40219.1
Project("{D4B43EB3-688B-4EEE-86BD-088F0B28ABB3}") = "SCSM.AzureAutomation", "SCSM.AzureAutomation\SCSM.AzureAutomation.mpproj", "{8F589F22-0D80-4E57-A78D-468CB7499AB1}"
EndProject
Project("{2150E333-8FDC-42A3-9474-1A3956D46DE8}") = "References", "References", "{E41C15FE-6254-447F-A881-C51A3A68D857}"
	ProjectSection(SolutionItems) = preProject
		References\Microsoft.EnterpriseManagement.Core.dll = References\Microsoft.EnterpriseManagement.Core.dll
		References\Microsoft.EnterpriseManagement.ServiceManager.Application.Common.dll = References\Microsoft.EnterpriseManagement.ServiceManager.Application.Common.dll
		References\Microsoft.EnterpriseManagement.ServiceManager.SharedResources.dll = References\Microsoft.EnterpriseManagement.ServiceManager.SharedResources.dll
		References\Microsoft.EnterpriseManagement.ServiceManager.UI.Administration.mp = References\Microsoft.EnterpriseManagement.ServiceManager.UI.Administration.mp
		References\Microsoft.EnterpriseManagement.ServiceManager.UI.Authoring.mp = References\Microsoft.EnterpriseManagement.ServiceManager.UI.Authoring.mp
		References\Microsoft.EnterpriseManagement.ServiceManager.UI.Console.mp = References\Microsoft.EnterpriseManagement.ServiceManager.UI.Console.mp
		References\Microsoft.EnterpriseManagement.UI.Controls.dll = References\Microsoft.EnterpriseManagement.UI.Controls.dll
		References\Microsoft.EnterpriseManagement.UI.Core.dll = References\Microsoft.EnterpriseManagement.UI.Core.dll
		References\Microsoft.EnterpriseManagement.UI.ExtendedControls.dll = References\Microsoft.EnterpriseManagement.UI.ExtendedControls.dll
		References\Microsoft.EnterpriseManagement.UI.FormsInfra.dll = References\Microsoft.EnterpriseManagement.UI.FormsInfra.dll
		References\Microsoft.EnterpriseManagement.UI.Foundation.dll = References\Microsoft.EnterpriseManagement.UI.Foundation.dll
		References\Microsoft.EnterpriseManagement.UI.SdkDataAccess.dll = References\Microsoft.EnterpriseManagement.UI.SdkDataAccess.dll
		References\Microsoft.EnterpriseManagement.UI.SMControls.dll = References\Microsoft.EnterpriseManagement.UI.SMControls.dll
		References\Microsoft.EnterpriseManagement.UI.WpfWizardFramework.dll = References\Microsoft.EnterpriseManagement.UI.WpfWizardFramework.dll
		References\Microsoft.EnterpriseManagement.WorkflowFoundation.dll = References\Microsoft.EnterpriseManagement.WorkflowFoundation.dll
		References\Microsoft.SystemCenter.Library.mp = References\Microsoft.SystemCenter.Library.mp
		References\Microsoft.SystemCenter.Orchestrator.mp = References\Microsoft.SystemCenter.Orchestrator.mp
		References\Microsoft.Windows.Library.mp = References\Microsoft.Windows.Library.mp
		References\ServiceManager.ActivityManagement.Library.mp = References\ServiceManager.ActivityManagement.Library.mp
		References\ServiceManager.ConfigurationManagement.Library.mp = References\ServiceManager.ConfigurationManagement.Library.mp
		References\ServiceManager.Core.Library.mp = References\ServiceManager.Core.Library.mp
		References\ServiceManager.LinkingFramework.Library.mp = References\ServiceManager.LinkingFramework.Library.mp
		References\ServiceManager.RunbookActivity.Library.mp = References\ServiceManager.RunbookActivity.Library.mp
		References\System.Knowledge.Library.mp = References\System.Knowledge.Library.mp
		References\System.SupportingItem.Library.mp = References\System.SupportingItem.Library.mp
		References\System.WorkItem.Activity.Library.mp = References\System.WorkItem.Activity.Library.mp
		References\System.WorkItem.Library.mp = References\System.WorkItem.Library.mp
		References\WPFToolKit.dll = References\WPFToolKit.dll
	EndProjectSection
EndProject
Project("{FAE04EC0-301F-11D3-BF4B-00C04F79EFBC}") = "SCSM.AzureAutomation.Worklfow", "SCSM.AzureAutomation.Worklfow\SCSM.AzureAutomation.Worklfow.csproj", "{C5FBE19C-2D24-41E9-BB15-E09BB699B519}"
EndProject
Project("{FAE04EC0-301F-11D3-BF4B-00C04F79EFBC}") = "SCSM.AzureAutomation.WPF", "SCSM.AzureAutomation.WPF\SCSM.AzureAutomation.WPF.csproj", "{2CE767C8-461B-4A7C-A2B5-2DFE4D34B32E}"
EndProject
Project("{2150E333-8FDC-42A3-9474-1A3956D46DE8}") = "Images", "Images", "{9CE52929-CD9F-4B22-8E43-14C0ED38A9CB}"
	ProjectSection(SolutionItems) = preProject
		Images\AzureAutomation2x1256.png = Images\AzureAutomation2x1256.png
		Images\AzureAutomation2x128.png = Images\AzureAutomation2x128.png
		Images\AzureAutomation2x16.png = Images\AzureAutomation2x16.png
		Images\AzureAutomation2x24.png = Images\AzureAutomation2x24.png
		Images\AzureAutomation2x32.png = Images\AzureAutomation2x32.png
		Images\AzureAutomation2x64.png = Images\AzureAutomation2x64.png
		Images\Generic_New_16.png = Images\Generic_New_16.png
	EndProjectSection
EndProject
Project("{F5034706-568F-408A-B7B3-4D38C6DB8A32}") = "PowerShell Scripts", "PowerShell Scripts\PowerShell Scripts.pssproj", "{6CAFC0C6-A428-4D30-A9F9-700E829FEA51}"
EndProject
Global
	GlobalSection(SolutionConfigurationPlatforms) = preSolution
		Debug|Any CPU = Debug|Any CPU
		Debug|Mixed Platforms = Debug|Mixed Platforms
		Debug|x64 = Debug|x64
		Debug|x86 = Debug|x86
		Release|Any CPU = Release|Any CPU
		Release|Mixed Platforms = Release|Mixed Platforms
		Release|x64 = Release|x64
		Release|x86 = Release|x86
	EndGlobalSection
	GlobalSection(ProjectConfigurationPlatforms) = postSolution
		{8F589F22-0D80-4E57-A78D-468CB7499AB1}.Debug|Any CPU.ActiveCfg = Debug|x86
		{8F589F22-0D80-4E57-A78D-468CB7499AB1}.Debug|Mixed Platforms.ActiveCfg = Debug|x86
		{8F589F22-0D80-4E57-A78D-468CB7499AB1}.Debug|Mixed Platforms.Build.0 = Debug|x86
		{8F589F22-0D80-4E57-A78D-468CB7499AB1}.Debug|x64.ActiveCfg = Debug|x86
		{8F589F22-0D80-4E57-A78D-468CB7499AB1}.Debug|x86.ActiveCfg = Debug|x86
		{8F589F22-0D80-4E57-A78D-468CB7499AB1}.Debug|x86.Build.0 = Debug|x86
		{8F589F22-0D80-4E57-A78D-468CB7499AB1}.Release|Any CPU.ActiveCfg = Release|x86
		{8F589F22-0D80-4E57-A78D-468CB7499AB1}.Release|Mixed Platforms.ActiveCfg = Release|x86
		{8F589F22-0D80-4E57-A78D-468CB7499AB1}.Release|Mixed Platforms.Build.0 = Release|x86
		{8F589F22-0D80-4E57-A78D-468CB7499AB1}.Release|x64.ActiveCfg = Release|x86
		{8F589F22-0D80-4E57-A78D-468CB7499AB1}.Release|x86.ActiveCfg = Release|x86
		{8F589F22-0D80-4E57-A78D-468CB7499AB1}.Release|x86.Build.0 = Release|x86
		{C5FBE19C-2D24-41E9-BB15-E09BB699B519}.Debug|Any CPU.ActiveCfg = Debug|Any CPU
		{C5FBE19C-2D24-41E9-BB15-E09BB699B519}.Debug|Any CPU.Build.0 = Debug|Any CPU
		{C5FBE19C-2D24-41E9-BB15-E09BB699B519}.Debug|Mixed Platforms.ActiveCfg = Debug|Any CPU
		{C5FBE19C-2D24-41E9-BB15-E09BB699B519}.Debug|Mixed Platforms.Build.0 = Debug|Any CPU
		{C5FBE19C-2D24-41E9-BB15-E09BB699B519}.Debug|x64.ActiveCfg = Debug|Any CPU
		{C5FBE19C-2D24-41E9-BB15-E09BB699B519}.Debug|x64.Build.0 = Debug|Any CPU
		{C5FBE19C-2D24-41E9-BB15-E09BB699B519}.Debug|x86.ActiveCfg = Debug|Any CPU
		{C5FBE19C-2D24-41E9-BB15-E09BB699B519}.Release|Any CPU.ActiveCfg = Release|Any CPU
		{C5FBE19C-2D24-41E9-BB15-E09BB699B519}.Release|Any CPU.Build.0 = Release|Any CPU
		{C5FBE19C-2D24-41E9-BB15-E09BB699B519}.Release|Mixed Platforms.ActiveCfg = Release|Any CPU
		{C5FBE19C-2D24-41E9-BB15-E09BB699B519}.Release|Mixed Platforms.Build.0 = Release|Any CPU
		{C5FBE19C-2D24-41E9-BB15-E09BB699B519}.Release|x64.ActiveCfg = Release|Any CPU
		{C5FBE19C-2D24-41E9-BB15-E09BB699B519}.Release|x64.Build.0 = Release|Any CPU
		{C5FBE19C-2D24-41E9-BB15-E09BB699B519}.Release|x86.ActiveCfg = Release|Any CPU
		{2CE767C8-461B-4A7C-A2B5-2DFE4D34B32E}.Debug|Any CPU.ActiveCfg = Debug|Any CPU
		{2CE767C8-461B-4A7C-A2B5-2DFE4D34B32E}.Debug|Any CPU.Build.0 = Debug|Any CPU
		{2CE767C8-461B-4A7C-A2B5-2DFE4D34B32E}.Debug|Mixed Platforms.ActiveCfg = Debug|Any CPU
		{2CE767C8-461B-4A7C-A2B5-2DFE4D34B32E}.Debug|Mixed Platforms.Build.0 = Debug|Any CPU
		{2CE767C8-461B-4A7C-A2B5-2DFE4D34B32E}.Debug|x64.ActiveCfg = Debug|Any CPU
		{2CE767C8-461B-4A7C-A2B5-2DFE4D34B32E}.Debug|x64.Build.0 = Debug|Any CPU
		{2CE767C8-461B-4A7C-A2B5-2DFE4D34B32E}.Debug|x86.ActiveCfg = Debug|Any CPU
		{2CE767C8-461B-4A7C-A2B5-2DFE4D34B32E}.Release|Any CPU.ActiveCfg = Release|Any CPU
		{2CE767C8-461B-4A7C-A2B5-2DFE4D34B32E}.Release|Any CPU.Build.0 = Release|Any CPU
		{2CE767C8-461B-4A7C-A2B5-2DFE4D34B32E}.Release|Mixed Platforms.ActiveCfg = Release|Any CPU
		{2CE767C8-461B-4A7C-A2B5-2DFE4D34B32E}.Release|Mixed Platforms.Build.0 = Release|Any CPU
		{2CE767C8-461B-4A7C-A2B5-2DFE4D34B32E}.Release|x64.ActiveCfg = Release|x64
		{2CE767C8-461B-4A7C-A2B5-2DFE4D34B32E}.Release|x64.Build.0 = Release|x64
		{2CE767C8-461B-4A7C-A2B5-2DFE4D34B32E}.Release|x86.ActiveCfg = Release|Any CPU
		{6CAFC0C6-A428-4D30-A9F9-700E829FEA51}.Debug|Any CPU.ActiveCfg = Debug|Any CPU
		{6CAFC0C6-A428-4D30-A9F9-700E829FEA51}.Debug|Any CPU.Build.0 = Debug|Any CPU
		{6CAFC0C6-A428-4D30-A9F9-700E829FEA51}.Debug|Mixed Platforms.ActiveCfg = Debug|Any CPU
		{6CAFC0C6-A428-4D30-A9F9-700E829FEA51}.Debug|Mixed Platforms.Build.0 = Debug|Any CPU
		{6CAFC0C6-A428-4D30-A9F9-700E829FEA51}.Debug|x64.ActiveCfg = Debug|Any CPU
		{6CAFC0C6-A428-4D30-A9F9-700E829FEA51}.Debug|x64.Build.0 = Debug|Any CPU
		{6CAFC0C6-A428-4D30-A9F9-700E829FEA51}.Debug|x86.ActiveCfg = Debug|Any CPU
		{6CAFC0C6-A428-4D30-A9F9-700E829FEA51}.Release|Any CPU.ActiveCfg = Release|Any CPU
		{6CAFC0C6-A428-4D30-A9F9-700E829FEA51}.Release|Any CPU.Build.0 = Release|Any CPU
		{6CAFC0C6-A428-4D30-A9F9-700E829FEA51}.Release|Mixed Platforms.ActiveCfg = Release|Any CPU
		{6CAFC0C6-A428-4D30-A9F9-700E829FEA51}.Release|Mixed Platforms.Build.0 = Release|Any CPU
		{6CAFC0C6-A428-4D30-A9F9-700E829FEA51}.Release|x64.ActiveCfg = Release|Any CPU
		{6CAFC0C6-A428-4D30-A9F9-700E829FEA51}.Release|x64.Build.0 = Release|Any CPU
		{6CAFC0C6-A428-4D30-A9F9-700E829FEA51}.Release|x86.ActiveCfg = Release|Any CPU
	EndGlobalSection
	GlobalSection(SolutionProperties) = preSolution
		HideSolutionNode = FALSE
	EndGlobalSection
EndGlobal
